
Microsoft Visual Studio Solution File, Format Version 12.00
# Visual Studio Version 16
VisualStudioVersion = 16.0.31410.357
MinimumVisualStudioVersion = 10.0.40219.1
Project("{FAE04EC0-301F-11D3-BF4B-00C04F79EFBC}") = "Practice2 Бенгардт ИСП-34", "Practice2 Бенгардт ИСП-34\Practice2 Бенгардт ИСП-34.csproj", "{682F4B67-7C45-4C11-9AA9-35F69AD21CE2}"
EndProject
Project("{FAE04EC0-301F-11D3-BF4B-00C04F79EFBC}") = "LibMas", "LibMas\LibMas.csproj", "{F6D28624-3E28-45BC-B778-2B9FB060AAA0}"
EndProject
Project("{FAE04EC0-301F-11D3-BF4B-00C04F79EFBC}") = "Lib_13", "Lib_13\Lib_13.csproj", "{BD1238E4-49EB-47D5-8A45-8D30062B969A}"
EndProject
Global
	GlobalSection(SolutionConfigurationPlatforms) = preSolution
		Debug|Any CPU = Debug|Any CPU
		Release|Any CPU = Release|Any CPU
	EndGlobalSection
	GlobalSection(ProjectConfigurationPlatforms) = postSolution
		{682F4B67-7C45-4C11-9AA9-35F69AD21CE2}.Debug|Any CPU.ActiveCfg = Debug|Any CPU
		{682F4B67-7C45-4C11-9AA9-35F69AD21CE2}.Debug|Any CPU.Build.0 = Debug|Any CPU
		{682F4B67-7C45-4C11-9AA9-35F69AD21CE2}.Release|Any CPU.ActiveCfg = Release|Any CPU
		{682F4B67-7C45-4C11-9AA9-35F69AD21CE2}.Release|Any CPU.Build.0 = Release|Any CPU
		{F6D28624-3E28-45BC-B778-2B9FB060AAA0}.Debug|Any CPU.ActiveCfg = Debug|Any CPU
		{F6D28624-3E28-45BC-B778-2B9FB060AAA0}.Debug|Any CPU.Build.0 = Debug|Any CPU
		{F6D28624-3E28-45BC-B778-2B9FB060AAA0}.Release|Any CPU.ActiveCfg = Release|Any CPU
		{F6D28624-3E28-45BC-B778-2B9FB060AAA0}.Release|Any CPU.Build.0 = Release|Any CPU
		{BD1238E4-49EB-47D5-8A45-8D30062B969A}.Debug|Any CPU.ActiveCfg = Debug|Any CPU
		{BD1238E4-49EB-47D5-8A45-8D30062B969A}.Debug|Any CPU.Build.0 = Debug|Any CPU
		{BD1238E4-49EB-47D5-8A45-8D30062B969A}.Release|Any CPU.ActiveCfg = Release|Any CPU
		{BD1238E4-49EB-47D5-8A45-8D30062B969A}.Release|Any CPU.Build.0 = Release|Any CPU
	EndGlobalSection
	GlobalSection(SolutionProperties) = preSolution
		HideSolutionNode = FALSE
	EndGlobalSection
	GlobalSection(ExtensibilityGlobals) = postSolution
		SolutionGuid = {7D1E82C3-0189-4222-877F-69085BFC78BB}
	EndGlobalSection
EndGlobal
